// !$*UTF8*$!
{
	archiveVersion = 1;
	classes = {
	};
	objectVersion = 56;
	objects = {

/* Begin PBXBuildFile section */
		5375C8762B0D6AED0039DB75 /* UserDefaultsManager.swift in Sources */ = {isa = PBXBuildFile; fileRef = 5375C8752B0D6AED0039DB75 /* UserDefaultsManager.swift */; };
		5375C8782B0D6B0B0039DB75 /* LoginInfo.swift in Sources */ = {isa = PBXBuildFile; fileRef = 5375C8772B0D6B0B0039DB75 /* LoginInfo.swift */; };
		5375C8BA2B0F1E9E0039DB75 /* SignInViewModel.swift in Sources */ = {isa = PBXBuildFile; fileRef = 5375C8B92B0F1E9E0039DB75 /* SignInViewModel.swift */; };
		53C49C572B00E54D00FB9CE3 /* AppDelegate.swift in Sources */ = {isa = PBXBuildFile; fileRef = 53C49C562B00E54D00FB9CE3 /* AppDelegate.swift */; };
		53C49C592B00E54D00FB9CE3 /* SceneDelegate.swift in Sources */ = {isa = PBXBuildFile; fileRef = 53C49C582B00E54D00FB9CE3 /* SceneDelegate.swift */; };
		53C49C5B2B00E54D00FB9CE3 /* SignInViewController.swift in Sources */ = {isa = PBXBuildFile; fileRef = 53C49C5A2B00E54D00FB9CE3 /* SignInViewController.swift */; };
		53C49C602B00E54E00FB9CE3 /* Assets.xcassets in Resources */ = {isa = PBXBuildFile; fileRef = 53C49C5F2B00E54E00FB9CE3 /* Assets.xcassets */; };
		53C49C632B00E54E00FB9CE3 /* LaunchScreen.storyboard in Resources */ = {isa = PBXBuildFile; fileRef = 53C49C612B00E54E00FB9CE3 /* LaunchScreen.storyboard */; };
		53C49C6E2B00E69D00FB9CE3 /* BaseViewController.swift in Sources */ = {isa = PBXBuildFile; fileRef = 53C49C6D2B00E69D00FB9CE3 /* BaseViewController.swift */; };
		53C49C702B00E89700FB9CE3 /* SignTextField.swift in Sources */ = {isa = PBXBuildFile; fileRef = 53C49C6F2B00E89700FB9CE3 /* SignTextField.swift */; };
		53C49C722B00EB1C00FB9CE3 /* Localizable.xcstrings in Resources */ = {isa = PBXBuildFile; fileRef = 53C49C712B00EB1C00FB9CE3 /* Localizable.xcstrings */; };
		53C49C752B00F10500FB9CE3 /* SnapKit in Frameworks */ = {isa = PBXBuildFile; productRef = 53C49C742B00F10500FB9CE3 /* SnapKit */; };
		53C49C782B00F42000FB9CE3 /* SignButton.swift in Sources */ = {isa = PBXBuildFile; fileRef = 53C49C772B00F42000FB9CE3 /* SignButton.swift */; };
		53C49C7A2B00F9DD00FB9CE3 /* SignUpViewController.swift in Sources */ = {isa = PBXBuildFile; fileRef = 53C49C792B00F9DD00FB9CE3 /* SignUpViewController.swift */; };
		53C49C7D2B010A5500FB9CE3 /* RxCocoa in Frameworks */ = {isa = PBXBuildFile; productRef = 53C49C7C2B010A5500FB9CE3 /* RxCocoa */; };
		53C49C7F2B010A5500FB9CE3 /* RxSwift in Frameworks */ = {isa = PBXBuildFile; productRef = 53C49C7E2B010A5500FB9CE3 /* RxSwift */; };
		53C49C812B019CD600FB9CE3 /* SignUpViewModel.swift in Sources */ = {isa = PBXBuildFile; fileRef = 53C49C802B019CD600FB9CE3 /* SignUpViewModel.swift */; };
		53C49C842B01A2FB00FB9CE3 /* APIManager.swift in Sources */ = {isa = PBXBuildFile; fileRef = 53C49C832B01A2FB00FB9CE3 /* APIManager.swift */; };
		53C49C872B01A32800FB9CE3 /* Moya in Frameworks */ = {isa = PBXBuildFile; productRef = 53C49C862B01A32800FB9CE3 /* Moya */; };
		53C49CA92B01E60E00FB9CE3 /* APIModel.swift in Sources */ = {isa = PBXBuildFile; fileRef = 53C49CA82B01E60E00FB9CE3 /* APIModel.swift */; };
		53C49CAB2B01EB1D00FB9CE3 /* Network.swift in Sources */ = {isa = PBXBuildFile; fileRef = 53C49CAA2B01EB1D00FB9CE3 /* Network.swift */; };
		53C49CAF2B01F16200FB9CE3 /* .gitignore in Resources */ = {isa = PBXBuildFile; fileRef = 53C49CAE2B01F16200FB9CE3 /* .gitignore */; };
		53C49CB32B01F1DB00FB9CE3 /* Lslp.swift in Sources */ = {isa = PBXBuildFile; fileRef = 53C49CB22B01F1DB00FB9CE3 /* Lslp.swift */; };
		53C49CB52B023D3400FB9CE3 /* ViewModelType.swift in Sources */ = {isa = PBXBuildFile; fileRef = 53C49CB42B023D3400FB9CE3 /* ViewModelType.swift */; };
/* End PBXBuildFile section */

/* Begin PBXFileReference section */
		5375C8752B0D6AED0039DB75 /* UserDefaultsManager.swift */ = {isa = PBXFileReference; lastKnownFileType = sourcecode.swift; path = UserDefaultsManager.swift; sourceTree = "<group>"; };
		5375C8772B0D6B0B0039DB75 /* LoginInfo.swift */ = {isa = PBXFileReference; lastKnownFileType = sourcecode.swift; path = LoginInfo.swift; sourceTree = "<group>"; };
		5375C8B92B0F1E9E0039DB75 /* SignInViewModel.swift */ = {isa = PBXFileReference; lastKnownFileType = sourcecode.swift; path = SignInViewModel.swift; sourceTree = "<group>"; };
		53C49C532B00E54D00FB9CE3 /* MiniBlog.app */ = {isa = PBXFileReference; explicitFileType = wrapper.application; includeInIndex = 0; path = MiniBlog.app; sourceTree = BUILT_PRODUCTS_DIR; };
		53C49C562B00E54D00FB9CE3 /* AppDelegate.swift */ = {isa = PBXFileReference; lastKnownFileType = sourcecode.swift; path = AppDelegate.swift; sourceTree = "<group>"; };
		53C49C582B00E54D00FB9CE3 /* SceneDelegate.swift */ = {isa = PBXFileReference; lastKnownFileType = sourcecode.swift; path = SceneDelegate.swift; sourceTree = "<group>"; };
		53C49C5A2B00E54D00FB9CE3 /* SignInViewController.swift */ = {isa = PBXFileReference; lastKnownFileType = sourcecode.swift; path = SignInViewController.swift; sourceTree = "<group>"; };
		53C49C5F2B00E54E00FB9CE3 /* Assets.xcassets */ = {isa = PBXFileReference; lastKnownFileType = folder.assetcatalog; path = Assets.xcassets; sourceTree = "<group>"; };
		53C49C622B00E54E00FB9CE3 /* Base */ = {isa = PBXFileReference; lastKnownFileType = file.storyboard; name = Base; path = Base.lproj/LaunchScreen.storyboard; sourceTree = "<group>"; };
		53C49C642B00E54E00FB9CE3 /* Info.plist */ = {isa = PBXFileReference; lastKnownFileType = text.plist.xml; path = Info.plist; sourceTree = "<group>"; };
		53C49C6D2B00E69D00FB9CE3 /* BaseViewController.swift */ = {isa = PBXFileReference; lastKnownFileType = sourcecode.swift; path = BaseViewController.swift; sourceTree = "<group>"; };
		53C49C6F2B00E89700FB9CE3 /* SignTextField.swift */ = {isa = PBXFileReference; lastKnownFileType = sourcecode.swift; path = SignTextField.swift; sourceTree = "<group>"; };
		53C49C712B00EB1C00FB9CE3 /* Localizable.xcstrings */ = {isa = PBXFileReference; lastKnownFileType = text.json.xcstrings; path = Localizable.xcstrings; sourceTree = "<group>"; };
		53C49C772B00F42000FB9CE3 /* SignButton.swift */ = {isa = PBXFileReference; lastKnownFileType = sourcecode.swift; path = SignButton.swift; sourceTree = "<group>"; };
		53C49C792B00F9DD00FB9CE3 /* SignUpViewController.swift */ = {isa = PBXFileReference; lastKnownFileType = sourcecode.swift; path = SignUpViewController.swift; sourceTree = "<group>"; };
		53C49C802B019CD600FB9CE3 /* SignUpViewModel.swift */ = {isa = PBXFileReference; lastKnownFileType = sourcecode.swift; path = SignUpViewModel.swift; sourceTree = "<group>"; };
		53C49C832B01A2FB00FB9CE3 /* APIManager.swift */ = {isa = PBXFileReference; lastKnownFileType = sourcecode.swift; path = APIManager.swift; sourceTree = "<group>"; };
		53C49CA82B01E60E00FB9CE3 /* APIModel.swift */ = {isa = PBXFileReference; lastKnownFileType = sourcecode.swift; path = APIModel.swift; sourceTree = "<group>"; };
		53C49CAA2B01EB1D00FB9CE3 /* Network.swift */ = {isa = PBXFileReference; lastKnownFileType = sourcecode.swift; path = Network.swift; sourceTree = "<group>"; };
		53C49CAE2B01F16200FB9CE3 /* .gitignore */ = {isa = PBXFileReference; lastKnownFileType = text; path = .gitignore; sourceTree = "<group>"; };
		53C49CB22B01F1DB00FB9CE3 /* Lslp.swift */ = {isa = PBXFileReference; lastKnownFileType = sourcecode.swift; path = Lslp.swift; sourceTree = "<group>"; };
		53C49CB42B023D3400FB9CE3 /* ViewModelType.swift */ = {isa = PBXFileReference; lastKnownFileType = sourcecode.swift; path = ViewModelType.swift; sourceTree = "<group>"; };
/* End PBXFileReference section */

/* Begin PBXFrameworksBuildPhase section */
		53C49C502B00E54D00FB9CE3 /* Frameworks */ = {
			isa = PBXFrameworksBuildPhase;
			buildActionMask = 2147483647;
			files = (
				53C49C7F2B010A5500FB9CE3 /* RxSwift in Frameworks */,
				53C49C7D2B010A5500FB9CE3 /* RxCocoa in Frameworks */,
				53C49C872B01A32800FB9CE3 /* Moya in Frameworks */,
				53C49C752B00F10500FB9CE3 /* SnapKit in Frameworks */,
			);
			runOnlyForDeploymentPostprocessing = 0;
		};
/* End PBXFrameworksBuildPhase section */

/* Begin PBXGroup section */
		53C49C4A2B00E54D00FB9CE3 = {
			isa = PBXGroup;
			children = (
				53C49C552B00E54D00FB9CE3 /* MiniBlog */,
				53C49C542B00E54D00FB9CE3 /* Products */,
			);
			sourceTree = "<group>";
		};
		53C49C542B00E54D00FB9CE3 /* Products */ = {
			isa = PBXGroup;
			children = (
				53C49C532B00E54D00FB9CE3 /* MiniBlog.app */,
			);
			name = Products;
			sourceTree = "<group>";
		};
		53C49C552B00E54D00FB9CE3 /* MiniBlog */ = {
			isa = PBXGroup;
			children = (
				53C49C822B01A2A800FB9CE3 /* Network */,
				53C49C6C2B00E68A00FB9CE3 /* Base */,
				53C49C6A2B00E58E00FB9CE3 /* SignIn */,
				53C49C6B2B00E5A500FB9CE3 /* SignUp */,
				53C49C562B00E54D00FB9CE3 /* AppDelegate.swift */,
				53C49C582B00E54D00FB9CE3 /* SceneDelegate.swift */,
				53C49C762B00F3A400FB9CE3 /* CustomView */,
				53C49C5F2B00E54E00FB9CE3 /* Assets.xcassets */,
				53C49C612B00E54E00FB9CE3 /* LaunchScreen.storyboard */,
				53C49C642B00E54E00FB9CE3 /* Info.plist */,
				53C49C712B00EB1C00FB9CE3 /* Localizable.xcstrings */,
				53C49CAE2B01F16200FB9CE3 /* .gitignore */,
			);
			path = MiniBlog;
			sourceTree = "<group>";
		};
		53C49C6A2B00E58E00FB9CE3 /* SignIn */ = {
			isa = PBXGroup;
			children = (
				53C49C5A2B00E54D00FB9CE3 /* SignInViewController.swift */,
				5375C8B92B0F1E9E0039DB75 /* SignInViewModel.swift */,
			);
			path = SignIn;
			sourceTree = "<group>";
		};
		53C49C6B2B00E5A500FB9CE3 /* SignUp */ = {
			isa = PBXGroup;
			children = (
				53C49C792B00F9DD00FB9CE3 /* SignUpViewController.swift */,
				53C49C802B019CD600FB9CE3 /* SignUpViewModel.swift */,
			);
			path = SignUp;
			sourceTree = "<group>";
		};
		53C49C6C2B00E68A00FB9CE3 /* Base */ = {
			isa = PBXGroup;
			children = (
				5375C8752B0D6AED0039DB75 /* UserDefaultsManager.swift */,
				53C49C6D2B00E69D00FB9CE3 /* BaseViewController.swift */,
				53C49CB42B023D3400FB9CE3 /* ViewModelType.swift */,
			);
			path = Base;
			sourceTree = "<group>";
		};
		53C49C762B00F3A400FB9CE3 /* CustomView */ = {
			isa = PBXGroup;
			children = (
				53C49C6F2B00E89700FB9CE3 /* SignTextField.swift */,
				53C49C772B00F42000FB9CE3 /* SignButton.swift */,
			);
			path = CustomView;
			sourceTree = "<group>";
		};
		53C49C822B01A2A800FB9CE3 /* Network */ = {
			isa = PBXGroup;
			children = (
				53C49CAA2B01EB1D00FB9CE3 /* Network.swift */,
				53C49C832B01A2FB00FB9CE3 /* APIManager.swift */,
				53C49CA82B01E60E00FB9CE3 /* APIModel.swift */,
				53C49CB22B01F1DB00FB9CE3 /* Lslp.swift */,
				5375C8772B0D6B0B0039DB75 /* LoginInfo.swift */,
			);
			path = Network;
			sourceTree = "<group>";
		};
/* End PBXGroup section */

/* Begin PBXNativeTarget section */
		53C49C522B00E54D00FB9CE3 /* MiniBlog */ = {
			isa = PBXNativeTarget;
			buildConfigurationList = 53C49C672B00E54E00FB9CE3 /* Build configuration list for PBXNativeTarget "MiniBlog" */;
			buildPhases = (
				53C49C4F2B00E54D00FB9CE3 /* Sources */,
				53C49C502B00E54D00FB9CE3 /* Frameworks */,
				53C49C512B00E54D00FB9CE3 /* Resources */,
			);
			buildRules = (
			);
			dependencies = (
			);
			name = MiniBlog;
			packageProductDependencies = (
				53C49C742B00F10500FB9CE3 /* SnapKit */,
				53C49C7C2B010A5500FB9CE3 /* RxCocoa */,
				53C49C7E2B010A5500FB9CE3 /* RxSwift */,
				53C49C862B01A32800FB9CE3 /* Moya */,
			);
			productName = MiniBlog;
			productReference = 53C49C532B00E54D00FB9CE3 /* MiniBlog.app */;
			productType = "com.apple.product-type.application";
		};
/* End PBXNativeTarget section */

/* Begin PBXProject section */
		53C49C4B2B00E54D00FB9CE3 /* Project object */ = {
			isa = PBXProject;
			attributes = {
				BuildIndependentTargetsInParallel = 1;
				LastSwiftUpdateCheck = 1500;
				LastUpgradeCheck = 1500;
				TargetAttributes = {
					53C49C522B00E54D00FB9CE3 = {
						CreatedOnToolsVersion = 15.0.1;
					};
				};
			};
			buildConfigurationList = 53C49C4E2B00E54D00FB9CE3 /* Build configuration list for PBXProject "MiniBlog" */;
			compatibilityVersion = "Xcode 14.0";
			developmentRegion = ko;
			hasScannedForEncodings = 0;
			knownRegions = (
				en,
				Base,
				ko,
			);
			mainGroup = 53C49C4A2B00E54D00FB9CE3;
			packageReferences = (
				53C49C732B00F10500FB9CE3 /* XCRemoteSwiftPackageReference "SnapKit" */,
				53C49C7B2B010A5500FB9CE3 /* XCRemoteSwiftPackageReference "RxSwift" */,
				53C49C852B01A32800FB9CE3 /* XCRemoteSwiftPackageReference "Moya" */,
			);
			productRefGroup = 53C49C542B00E54D00FB9CE3 /* Products */;
			projectDirPath = "";
			projectRoot = "";
			targets = (
				53C49C522B00E54D00FB9CE3 /* MiniBlog */,
			);
		};
/* End PBXProject section */

/* Begin PBXResourcesBuildPhase section */
		53C49C512B00E54D00FB9CE3 /* Resources */ = {
			isa = PBXResourcesBuildPhase;
			buildActionMask = 2147483647;
			files = (
				53C49CAF2B01F16200FB9CE3 /* .gitignore in Resources */,
				53C49C632B00E54E00FB9CE3 /* LaunchScreen.storyboard in Resources */,
				53C49C602B00E54E00FB9CE3 /* Assets.xcassets in Resources */,
				53C49C722B00EB1C00FB9CE3 /* Localizable.xcstrings in Resources */,
			);
			runOnlyForDeploymentPostprocessing = 0;
		};
/* End PBXResourcesBuildPhase section */

/* Begin PBXSourcesBuildPhase section */
		53C49C4F2B00E54D00FB9CE3 /* Sources */ = {
			isa = PBXSourcesBuildPhase;
			buildActionMask = 2147483647;
			files = (
				53C49C5B2B00E54D00FB9CE3 /* SignInViewController.swift in Sources */,
				53C49C7A2B00F9DD00FB9CE3 /* SignUpViewController.swift in Sources */,
				53C49C812B019CD600FB9CE3 /* SignUpViewModel.swift in Sources */,
				53C49C842B01A2FB00FB9CE3 /* APIManager.swift in Sources */,
				5375C8BA2B0F1E9E0039DB75 /* SignInViewModel.swift in Sources */,
				53C49CB32B01F1DB00FB9CE3 /* Lslp.swift in Sources */,
				53C49CA92B01E60E00FB9CE3 /* APIModel.swift in Sources */,
				53C49CAB2B01EB1D00FB9CE3 /* Network.swift in Sources */,
				53C49C702B00E89700FB9CE3 /* SignTextField.swift in Sources */,
				53C49C782B00F42000FB9CE3 /* SignButton.swift in Sources */,
				5375C8782B0D6B0B0039DB75 /* LoginInfo.swift in Sources */,
				53C49C6E2B00E69D00FB9CE3 /* BaseViewController.swift in Sources */,
				5375C8762B0D6AED0039DB75 /* UserDefaultsManager.swift in Sources */,
				53C49C572B00E54D00FB9CE3 /* AppDelegate.swift in Sources */,
				53C49C592B00E54D00FB9CE3 /* SceneDelegate.swift in Sources */,
				53C49CB52B023D3400FB9CE3 /* ViewModelType.swift in Sources */,
			);
			runOnlyForDeploymentPostprocessing = 0;
		};
/* End PBXSourcesBuildPhase section */

/* Begin PBXVariantGroup section */
		53C49C612B00E54E00FB9CE3 /* LaunchScreen.storyboard */ = {
			isa = PBXVariantGroup;
			children = (
				53C49C622B00E54E00FB9CE3 /* Base */,
			);
			name = LaunchScreen.storyboard;
			sourceTree = "<group>";
		};
/* End PBXVariantGroup section */

/* Begin XCBuildConfiguration section */
		53C49C652B00E54E00FB9CE3 /* Debug */ = {
			isa = XCBuildConfiguration;
			buildSettings = {
				ALWAYS_SEARCH_USER_PATHS = NO;
				ASSETCATALOG_COMPILER_GENERATE_SWIFT_ASSET_SYMBOL_EXTENSIONS = YES;
				CLANG_ANALYZER_NONNULL = YES;
				CLANG_ANALYZER_NUMBER_OBJECT_CONVERSION = YES_AGGRESSIVE;
				CLANG_CXX_LANGUAGE_STANDARD = "gnu++20";
				CLANG_ENABLE_MODULES = YES;
				CLANG_ENABLE_OBJC_ARC = YES;
				CLANG_ENABLE_OBJC_WEAK = YES;
				CLANG_WARN_BLOCK_CAPTURE_AUTORELEASING = YES;
				CLANG_WARN_BOOL_CONVERSION = YES;
				CLANG_WARN_COMMA = YES;
				CLANG_WARN_CONSTANT_CONVERSION = YES;
				CLANG_WARN_DEPRECATED_OBJC_IMPLEMENTATIONS = YES;
				CLANG_WARN_DIRECT_OBJC_ISA_USAGE = YES_ERROR;
				CLANG_WARN_DOCUMENTATION_COMMENTS = YES;
				CLANG_WARN_EMPTY_BODY = YES;
				CLANG_WARN_ENUM_CONVERSION = YES;
				CLANG_WARN_INFINITE_RECURSION = YES;
				CLANG_WARN_INT_CONVERSION = YES;
				CLANG_WARN_NON_LITERAL_NULL_CONVERSION = YES;
				CLANG_WARN_OBJC_IMPLICIT_RETAIN_SELF = YES;
				CLANG_WARN_OBJC_LITERAL_CONVERSION = YES;
				CLANG_WARN_OBJC_ROOT_CLASS = YES_ERROR;
				CLANG_WARN_QUOTED_INCLUDE_IN_FRAMEWORK_HEADER = YES;
				CLANG_WARN_RANGE_LOOP_ANALYSIS = YES;
				CLANG_WARN_STRICT_PROTOTYPES = YES;
				CLANG_WARN_SUSPICIOUS_MOVE = YES;
				CLANG_WARN_UNGUARDED_AVAILABILITY = YES_AGGRESSIVE;
				CLANG_WARN_UNREACHABLE_CODE = YES;
				CLANG_WARN__DUPLICATE_METHOD_MATCH = YES;
				COPY_PHASE_STRIP = NO;
				DEBUG_INFORMATION_FORMAT = dwarf;
				ENABLE_STRICT_OBJC_MSGSEND = YES;
				ENABLE_TESTABILITY = YES;
				ENABLE_USER_SCRIPT_SANDBOXING = YES;
				GCC_C_LANGUAGE_STANDARD = gnu17;
				GCC_DYNAMIC_NO_PIC = NO;
				GCC_NO_COMMON_BLOCKS = YES;
				GCC_OPTIMIZATION_LEVEL = 0;
				GCC_PREPROCESSOR_DEFINITIONS = (
					"DEBUG=1",
					"$(inherited)",
				);
				GCC_WARN_64_TO_32_BIT_CONVERSION = YES;
				GCC_WARN_ABOUT_RETURN_TYPE = YES_ERROR;
				GCC_WARN_UNDECLARED_SELECTOR = YES;
				GCC_WARN_UNINITIALIZED_AUTOS = YES_AGGRESSIVE;
				GCC_WARN_UNUSED_FUNCTION = YES;
				GCC_WARN_UNUSED_VARIABLE = YES;
				IPHONEOS_DEPLOYMENT_TARGET = 16.0;
				LOCALIZATION_PREFERS_STRING_CATALOGS = YES;
				MTL_ENABLE_DEBUG_INFO = INCLUDE_SOURCE;
				MTL_FAST_MATH = YES;
				ONLY_ACTIVE_ARCH = YES;
				SDKROOT = iphoneos;
				SWIFT_ACTIVE_COMPILATION_CONDITIONS = "DEBUG $(inherited)";
				SWIFT_OPTIMIZATION_LEVEL = "-Onone";
			};
			name = Debug;
		};
		53C49C662B00E54E00FB9CE3 /* Release */ = {
			isa = XCBuildConfiguration;
			buildSettings = {
				ALWAYS_SEARCH_USER_PATHS = NO;
				ASSETCATALOG_COMPILER_GENERATE_SWIFT_ASSET_SYMBOL_EXTENSIONS = YES;
				CLANG_ANALYZER_NONNULL = YES;
				CLANG_ANALYZER_NUMBER_OBJECT_CONVERSION = YES_AGGRESSIVE;
				CLANG_CXX_LANGUAGE_STANDARD = "gnu++20";
				CLANG_ENABLE_MODULES = YES;
				CLANG_ENABLE_OBJC_ARC = YES;
				CLANG_ENABLE_OBJC_WEAK = YES;
				CLANG_WARN_BLOCK_CAPTURE_AUTORELEASING = YES;
				CLANG_WARN_BOOL_CONVERSION = YES;
				CLANG_WARN_COMMA = YES;
				CLANG_WARN_CONSTANT_CONVERSION = YES;
				CLANG_WARN_DEPRECATED_OBJC_IMPLEMENTATIONS = YES;
				CLANG_WARN_DIRECT_OBJC_ISA_USAGE = YES_ERROR;
				CLANG_WARN_DOCUMENTATION_COMMENTS = YES;
				CLANG_WARN_EMPTY_BODY = YES;
				CLANG_WARN_ENUM_CONVERSION = YES;
				CLANG_WARN_INFINITE_RECURSION = YES;
				CLANG_WARN_INT_CONVERSION = YES;
				CLANG_WARN_NON_LITERAL_NULL_CONVERSION = YES;
				CLANG_WARN_OBJC_IMPLICIT_RETAIN_SELF = YES;
				CLANG_WARN_OBJC_LITERAL_CONVERSION = YES;
				CLANG_WARN_OBJC_ROOT_CLASS = YES_ERROR;
				CLANG_WARN_QUOTED_INCLUDE_IN_FRAMEWORK_HEADER = YES;
				CLANG_WARN_RANGE_LOOP_ANALYSIS = YES;
				CLANG_WARN_STRICT_PROTOTYPES = YES;
				CLANG_WARN_SUSPICIOUS_MOVE = YES;
				CLANG_WARN_UNGUARDED_AVAILABILITY = YES_AGGRESSIVE;
				CLANG_WARN_UNREACHABLE_CODE = YES;
				CLANG_WARN__DUPLICATE_METHOD_MATCH = YES;
				COPY_PHASE_STRIP = NO;
				DEBUG_INFORMATION_FORMAT = "dwarf-with-dsym";
				ENABLE_NS_ASSERTIONS = NO;
				ENABLE_STRICT_OBJC_MSGSEND = YES;
				ENABLE_USER_SCRIPT_SANDBOXING = YES;
				GCC_C_LANGUAGE_STANDARD = gnu17;
				GCC_NO_COMMON_BLOCKS = YES;
				GCC_WARN_64_TO_32_BIT_CONVERSION = YES;
				GCC_WARN_ABOUT_RETURN_TYPE = YES_ERROR;
				GCC_WARN_UNDECLARED_SELECTOR = YES;
				GCC_WARN_UNINITIALIZED_AUTOS = YES_AGGRESSIVE;
				GCC_WARN_UNUSED_FUNCTION = YES;
				GCC_WARN_UNUSED_VARIABLE = YES;
				IPHONEOS_DEPLOYMENT_TARGET = 16.0;
				LOCALIZATION_PREFERS_STRING_CATALOGS = YES;
				MTL_ENABLE_DEBUG_INFO = NO;
				MTL_FAST_MATH = YES;
				SDKROOT = iphoneos;
				SWIFT_COMPILATION_MODE = wholemodule;
				VALIDATE_PRODUCT = YES;
			};
			name = Release;
		};
		53C49C682B00E54E00FB9CE3 /* Debug */ = {
			isa = XCBuildConfiguration;
			buildSettings = {
				ASSETCATALOG_COMPILER_APPICON_NAME = AppIcon;
				ASSETCATALOG_COMPILER_GLOBAL_ACCENT_COLOR_NAME = AccentColor;
				CODE_SIGN_STYLE = Automatic;
				CURRENT_PROJECT_VERSION = 1;
				DEVELOPMENT_TEAM = KLYH4UN5ZC;
				GENERATE_INFOPLIST_FILE = YES;
				INFOPLIST_FILE = MiniBlog/Info.plist;
				INFOPLIST_KEY_UIApplicationSupportsIndirectInputEvents = YES;
				INFOPLIST_KEY_UILaunchStoryboardName = LaunchScreen;
				INFOPLIST_KEY_UISupportedInterfaceOrientations = UIInterfaceOrientationPortrait;
				INFOPLIST_KEY_UISupportedInterfaceOrientations_iPad = "UIInterfaceOrientationLandscapeLeft UIInterfaceOrientationLandscapeRight UIInterfaceOrientationPortrait UIInterfaceOrientationPortraitUpsideDown";
				IPHONEOS_DEPLOYMENT_TARGET = 16.0;
				LD_RUNPATH_SEARCH_PATHS = (
					"$(inherited)",
					"@executable_path/Frameworks",
				);
				MARKETING_VERSION = 1.0;
				PRODUCT_BUNDLE_IDENTIFIER = com.dahye.MiniBlog;
				PRODUCT_NAME = "$(TARGET_NAME)";
				SUPPORTED_PLATFORMS = "iphoneos iphonesimulator";
				SUPPORTS_MACCATALYST = NO;
				SUPPORTS_MAC_DESIGNED_FOR_IPHONE_IPAD = NO;
				SWIFT_EMIT_LOC_STRINGS = YES;
				SWIFT_VERSION = 5.0;
				TARGETED_DEVICE_FAMILY = 1;
			};
			name = Debug;
		};
		53C49C692B00E54E00FB9CE3 /* Release */ = {
			isa = XCBuildConfiguration;
			buildSettings = {
				ASSETCATALOG_COMPILER_APPICON_NAME = AppIcon;
				ASSETCATALOG_COMPILER_GLOBAL_ACCENT_COLOR_NAME = AccentColor;
				CODE_SIGN_STYLE = Automatic;
				CURRENT_PROJECT_VERSION = 1;
				DEVELOPMENT_TEAM = KLYH4UN5ZC;
				GENERATE_INFOPLIST_FILE = YES;
				INFOPLIST_FILE = MiniBlog/Info.plist;
				INFOPLIST_KEY_UIApplicationSupportsIndirectInputEvents = YES;
				INFOPLIST_KEY_UILaunchStoryboardName = LaunchScreen;
				INFOPLIST_KEY_UISupportedInterfaceOrientations = UIInterfaceOrientationPortrait;
				INFOPLIST_KEY_UISupportedInterfaceOrientations_iPad = "UIInterfaceOrientationLandscapeLeft UIInterfaceOrientationLandscapeRight UIInterfaceOrientationPortrait UIInterfaceOrientationPortraitUpsideDown";
				IPHONEOS_DEPLOYMENT_TARGET = 16.0;
				LD_RUNPATH_SEARCH_PATHS = (
					"$(inherited)",
					"@executable_path/Frameworks",
				);
				MARKETING_VERSION = 1.0;
				PRODUCT_BUNDLE_IDENTIFIER = com.dahye.MiniBlog;
				PRODUCT_NAME = "$(TARGET_NAME)";
				SUPPORTED_PLATFORMS = "iphoneos iphonesimulator";
				SUPPORTS_MACCATALYST = NO;
				SUPPORTS_MAC_DESIGNED_FOR_IPHONE_IPAD = NO;
				SWIFT_EMIT_LOC_STRINGS = YES;
				SWIFT_VERSION = 5.0;
				TARGETED_DEVICE_FAMILY = 1;
			};
			name = Release;
		};
/* End XCBuildConfiguration section */

/* Begin XCConfigurationList section */
		53C49C4E2B00E54D00FB9CE3 /* Build configuration list for PBXProject "MiniBlog" */ = {
			isa = XCConfigurationList;
			buildConfigurations = (
				53C49C652B00E54E00FB9CE3 /* Debug */,
				53C49C662B00E54E00FB9CE3 /* Release */,
			);
			defaultConfigurationIsVisible = 0;
			defaultConfigurationName = Release;
		};
		53C49C672B00E54E00FB9CE3 /* Build configuration list for PBXNativeTarget "MiniBlog" */ = {
			isa = XCConfigurationList;
			buildConfigurations = (
				53C49C682B00E54E00FB9CE3 /* Debug */,
				53C49C692B00E54E00FB9CE3 /* Release */,
			);
			defaultConfigurationIsVisible = 0;
			defaultConfigurationName = Release;
		};
/* End XCConfigurationList section */

/* Begin XCRemoteSwiftPackageReference section */
		53C49C732B00F10500FB9CE3 /* XCRemoteSwiftPackageReference "SnapKit" */ = {
			isa = XCRemoteSwiftPackageReference;
			repositoryURL = "https://github.com/SnapKit/SnapKit.git";
			requirement = {
				kind = upToNextMajorVersion;
				minimumVersion = 5.6.0;
			};
		};
		53C49C7B2B010A5500FB9CE3 /* XCRemoteSwiftPackageReference "RxSwift" */ = {
			isa = XCRemoteSwiftPackageReference;
			repositoryURL = "https://github.com/ReactiveX/RxSwift.git";
			requirement = {
				kind = upToNextMajorVersion;
				minimumVersion = 6.6.0;
			};
		};
		53C49C852B01A32800FB9CE3 /* XCRemoteSwiftPackageReference "Moya" */ = {
			isa = XCRemoteSwiftPackageReference;
			repositoryURL = "https://github.com/Moya/Moya.git";
			requirement = {
				kind = upToNextMajorVersion;
				minimumVersion = 15.0.3;
			};
		};
/* End XCRemoteSwiftPackageReference section */

/* Begin XCSwiftPackageProductDependency section */
		53C49C742B00F10500FB9CE3 /* SnapKit */ = {
			isa = XCSwiftPackageProductDependency;
			package = 53C49C732B00F10500FB9CE3 /* XCRemoteSwiftPackageReference "SnapKit" */;
			productName = SnapKit;
		};
		53C49C7C2B010A5500FB9CE3 /* RxCocoa */ = {
			isa = XCSwiftPackageProductDependency;
			package = 53C49C7B2B010A5500FB9CE3 /* XCRemoteSwiftPackageReference "RxSwift" */;
			productName = RxCocoa;
		};
		53C49C7E2B010A5500FB9CE3 /* RxSwift */ = {
			isa = XCSwiftPackageProductDependency;
			package = 53C49C7B2B010A5500FB9CE3 /* XCRemoteSwiftPackageReference "RxSwift" */;
			productName = RxSwift;
		};
		53C49C862B01A32800FB9CE3 /* Moya */ = {
			isa = XCSwiftPackageProductDependency;
			package = 53C49C852B01A32800FB9CE3 /* XCRemoteSwiftPackageReference "Moya" */;
			productName = Moya;
		};
/* End XCSwiftPackageProductDependency section */
	};
	rootObject = 53C49C4B2B00E54D00FB9CE3 /* Project object */;
}
